
Microsoft Visual Studio Solution File, Format Version 12.00
# Visual Studio Version 16
VisualStudioVersion = 16.0.31229.75
MinimumVisualStudioVersion = 10.0.40219.1
Project("{FAE04EC0-301F-11D3-BF4B-00C04F79EFBC}") = "SISAP.API", "SISAPI\SISAP.API.csproj", "{6BB7FDF2-9237-435C-8848-465AD339A390}"
EndProject
Project("{FAE04EC0-301F-11D3-BF4B-00C04F79EFBC}") = "SISAP.CORE", "SISAPCORE\SISAP.CORE.csproj", "{8484071E-D0A9-4753-972D-B24389D8CA0F}"
EndProject
Project("{FAE04EC0-301F-11D3-BF4B-00C04F79EFBC}") = "SISAP.INFRAESTRUCTURA", "SISAP.Infraestructura\SISAP.INFRAESTRUCTURA.csproj", "{E47F8922-1E6A-48A5-BACC-7C285038DAA5}"
EndProject
Global
	GlobalSection(SolutionConfigurationPlatforms) = preSolution
		Debug|Any CPU = Debug|Any CPU
		Release|Any CPU = Release|Any CPU
	EndGlobalSection
	GlobalSection(ProjectConfigurationPlatforms) = postSolution
		{6BB7FDF2-9237-435C-8848-465AD339A390}.Debug|Any CPU.ActiveCfg = Debug|Any CPU
		{6BB7FDF2-9237-435C-8848-465AD339A390}.Debug|Any CPU.Build.0 = Debug|Any CPU
		{6BB7FDF2-9237-435C-8848-465AD339A390}.Release|Any CPU.ActiveCfg = Release|Any CPU
		{6BB7FDF2-9237-435C-8848-465AD339A390}.Release|Any CPU.Build.0 = Release|Any CPU
		{8484071E-D0A9-4753-972D-B24389D8CA0F}.Debug|Any CPU.ActiveCfg = Debug|Any CPU
		{8484071E-D0A9-4753-972D-B24389D8CA0F}.Debug|Any CPU.Build.0 = Debug|Any CPU
		{8484071E-D0A9-4753-972D-B24389D8CA0F}.Release|Any CPU.ActiveCfg = Release|Any CPU
		{8484071E-D0A9-4753-972D-B24389D8CA0F}.Release|Any CPU.Build.0 = Release|Any CPU
		{E47F8922-1E6A-48A5-BACC-7C285038DAA5}.Debug|Any CPU.ActiveCfg = Debug|Any CPU
		{E47F8922-1E6A-48A5-BACC-7C285038DAA5}.Debug|Any CPU.Build.0 = Debug|Any CPU
		{E47F8922-1E6A-48A5-BACC-7C285038DAA5}.Release|Any CPU.ActiveCfg = Release|Any CPU
		{E47F8922-1E6A-48A5-BACC-7C285038DAA5}.Release|Any CPU.Build.0 = Release|Any CPU
	EndGlobalSection
	GlobalSection(SolutionProperties) = preSolution
		HideSolutionNode = FALSE
	EndGlobalSection
	GlobalSection(ExtensibilityGlobals) = postSolution
		SolutionGuid = {AA20DC5D-5689-4F5B-B061-44F58C238AD7}
	EndGlobalSection
EndGlobal
